
Microsoft Visual Studio Solution File, Format Version 12.00
# Visual Studio 2012
VisualStudioVersion = 14.0.22512.0
MinimumVisualStudioVersion = 10.0.40219.1
Project("{2150E333-8FDC-42A3-9474-1A3956D46DE8}") = "samples", "samples", "{B83C4D02-113F-4AEA-814C-07069A028BA6}"
EndProject
Project("{FAE04EC0-301F-11D3-BF4B-00C04F79EFBC}") = "Sample", "samples\Sample\Sample.csproj", "{AF8C4368-DD39-42AB-8A04-AC417242D225}"
EndProject
Project("{2150E333-8FDC-42A3-9474-1A3956D46DE8}") = "Portable", "Portable", "{6A2990C3-821E-42A7-B9C0-CB8A1C04EE38}"
EndProject
Project("{FAE04EC0-301F-11D3-BF4B-00C04F79EFBC}") = "VisualRenderersPreview", "samples\VisualRenderersPreview\VisualRenderersPreview\VisualRenderersPreview.csproj", "{678D0153-CF4D-4A8C-8119-42EA0E7D7891}"
EndProject
Project("{FAE04EC0-301F-11D3-BF4B-00C04F79EFBC}") = "VisualRenderersPreview.iOS", "samples\VisualRenderersPreview\VisualRenderersPreview.iOS\VisualRenderersPreview.iOS.csproj", "{5928237D-25F3-4C66-93B5-7AF3FC03186F}"
EndProject
Project("{FAE04EC0-301F-11D3-BF4B-00C04F79EFBC}") = "VisualRenderersPreview.Droid", "samples\VisualRenderersPreview\VisualRenderersPreview.Droid\VisualRenderersPreview.Droid.csproj", "{D5B915E6-A03B-42A5-90E9-7C7B1854BD92}"
EndProject
Project("{FAE04EC0-301F-11D3-BF4B-00C04F79EFBC}") = "VisualRenderersPreview.Xna", "samples\VisualRenderersPreview\VisualRenderersPreview.Xna\VisualRenderersPreview.Xna.csproj", "{E5D227FF-2712-48CA-AFCF-408F30A68535}"
EndProject
Project("{FAE04EC0-301F-11D3-BF4B-00C04F79EFBC}") = "VisualRenderersPreview.Xna.MonoMac", "samples\VisualRenderersPreview\VisualRenderersPreview.Xna.MonoMac\VisualRenderersPreview.Xna.MonoMac.csproj", "{3D3C33C4-F2CD-49EE-A27F-F08B88325857}"
EndProject
Project("{D954291E-2A0B-460D-934E-DC6B0785DB48}") = "VisualRenderersPreview.Xna.Shared", "samples\VisualRenderersPreview\VisualRenderersPreview.Xna.Shared\VisualRenderersPreview.Xna.Shared.shproj", "{461063FB-CD97-4582-B755-0BE00F262DD3}"
EndProject
Project("{2150E333-8FDC-42A3-9474-1A3956D46DE8}") = "flavors", "flavors", "{BAA459F2-1CC7-443F-BAC2-1E4CB2891AE2}"
EndProject
Project("{FAE04EC0-301F-11D3-BF4B-00C04F79EFBC}") = "Xamarin.Forms.Platform.MonoGame.Portable", "flavors\MonoGame.Portable\Xamarin.Forms.Platform.MonoGame.Portable.csproj", "{798E1F06-4BCA-4893-BB99-C25CC4E82F15}"
EndProject
Project("{D954291E-2A0B-460D-934E-DC6B0785DB48}") = "Xamarin.Forms.Platform.Xna", "Xamarin.Forms.Platform.Xna\Xamarin.Forms.Platform.Xna.shproj", "{B0144B80-F44D-49B0-933F-804CC9586DC0}"
EndProject
Global
	GlobalSection(SolutionConfigurationPlatforms) = preSolution
		Ad-Hoc|Any CPU = Ad-Hoc|Any CPU
		Ad-Hoc|iPhone = Ad-Hoc|iPhone
		Ad-Hoc|iPhoneSimulator = Ad-Hoc|iPhoneSimulator
		AppStore|Any CPU = AppStore|Any CPU
		AppStore|iPhone = AppStore|iPhone
		AppStore|iPhoneSimulator = AppStore|iPhoneSimulator
		Debug|Any CPU = Debug|Any CPU
		Debug|iPhone = Debug|iPhone
		Debug|iPhoneSimulator = Debug|iPhoneSimulator
		Release|Any CPU = Release|Any CPU
		Release|iPhone = Release|iPhone
		Release|iPhoneSimulator = Release|iPhoneSimulator
	EndGlobalSection
	GlobalSection(ProjectConfigurationPlatforms) = postSolution
		{3D3C33C4-F2CD-49EE-A27F-F08B88325857}.Ad-Hoc|Any CPU.ActiveCfg = Release|Any CPU
		{3D3C33C4-F2CD-49EE-A27F-F08B88325857}.Ad-Hoc|Any CPU.Build.0 = Release|Any CPU
		{3D3C33C4-F2CD-49EE-A27F-F08B88325857}.Ad-Hoc|iPhone.ActiveCfg = Release|Any CPU
		{3D3C33C4-F2CD-49EE-A27F-F08B88325857}.Ad-Hoc|iPhone.Build.0 = Release|Any CPU
		{3D3C33C4-F2CD-49EE-A27F-F08B88325857}.Ad-Hoc|iPhoneSimulator.ActiveCfg = Release|Any CPU
		{3D3C33C4-F2CD-49EE-A27F-F08B88325857}.Ad-Hoc|iPhoneSimulator.Build.0 = Release|Any CPU
		{3D3C33C4-F2CD-49EE-A27F-F08B88325857}.AppStore|Any CPU.ActiveCfg = AppStore|Any CPU
		{3D3C33C4-F2CD-49EE-A27F-F08B88325857}.AppStore|Any CPU.Build.0 = AppStore|Any CPU
		{3D3C33C4-F2CD-49EE-A27F-F08B88325857}.AppStore|iPhone.ActiveCfg = AppStore|Any CPU
		{3D3C33C4-F2CD-49EE-A27F-F08B88325857}.AppStore|iPhone.Build.0 = AppStore|Any CPU
		{3D3C33C4-F2CD-49EE-A27F-F08B88325857}.AppStore|iPhoneSimulator.ActiveCfg = AppStore|Any CPU
		{3D3C33C4-F2CD-49EE-A27F-F08B88325857}.AppStore|iPhoneSimulator.Build.0 = AppStore|Any CPU
		{3D3C33C4-F2CD-49EE-A27F-F08B88325857}.Debug|Any CPU.ActiveCfg = Debug|Any CPU
		{3D3C33C4-F2CD-49EE-A27F-F08B88325857}.Debug|Any CPU.Build.0 = Debug|Any CPU
		{3D3C33C4-F2CD-49EE-A27F-F08B88325857}.Debug|iPhone.ActiveCfg = Debug|Any CPU
		{3D3C33C4-F2CD-49EE-A27F-F08B88325857}.Debug|iPhone.Build.0 = Debug|Any CPU
		{3D3C33C4-F2CD-49EE-A27F-F08B88325857}.Debug|iPhoneSimulator.ActiveCfg = Debug|Any CPU
		{3D3C33C4-F2CD-49EE-A27F-F08B88325857}.Debug|iPhoneSimulator.Build.0 = Debug|Any CPU
		{3D3C33C4-F2CD-49EE-A27F-F08B88325857}.Release|Any CPU.ActiveCfg = Release|Any CPU
		{3D3C33C4-F2CD-49EE-A27F-F08B88325857}.Release|Any CPU.Build.0 = Release|Any CPU
		{3D3C33C4-F2CD-49EE-A27F-F08B88325857}.Release|iPhone.ActiveCfg = Release|Any CPU
		{3D3C33C4-F2CD-49EE-A27F-F08B88325857}.Release|iPhone.Build.0 = Release|Any CPU
		{3D3C33C4-F2CD-49EE-A27F-F08B88325857}.Release|iPhoneSimulator.ActiveCfg = Release|Any CPU
		{3D3C33C4-F2CD-49EE-A27F-F08B88325857}.Release|iPhoneSimulator.Build.0 = Release|Any CPU
		{5928237D-25F3-4C66-93B5-7AF3FC03186F}.Ad-Hoc|Any CPU.ActiveCfg = Ad-Hoc|iPhone
		{5928237D-25F3-4C66-93B5-7AF3FC03186F}.Ad-Hoc|iPhone.ActiveCfg = Ad-Hoc|iPhone
		{5928237D-25F3-4C66-93B5-7AF3FC03186F}.Ad-Hoc|iPhone.Build.0 = Ad-Hoc|iPhone
		{5928237D-25F3-4C66-93B5-7AF3FC03186F}.Ad-Hoc|iPhoneSimulator.ActiveCfg = Ad-Hoc|iPhoneSimulator
		{5928237D-25F3-4C66-93B5-7AF3FC03186F}.Ad-Hoc|iPhoneSimulator.Build.0 = Ad-Hoc|iPhoneSimulator
		{5928237D-25F3-4C66-93B5-7AF3FC03186F}.AppStore|Any CPU.ActiveCfg = AppStore|iPhone
		{5928237D-25F3-4C66-93B5-7AF3FC03186F}.AppStore|iPhone.ActiveCfg = AppStore|iPhone
		{5928237D-25F3-4C66-93B5-7AF3FC03186F}.AppStore|iPhone.Build.0 = AppStore|iPhone
		{5928237D-25F3-4C66-93B5-7AF3FC03186F}.AppStore|iPhoneSimulator.ActiveCfg = AppStore|iPhoneSimulator
		{5928237D-25F3-4C66-93B5-7AF3FC03186F}.AppStore|iPhoneSimulator.Build.0 = AppStore|iPhoneSimulator
		{5928237D-25F3-4C66-93B5-7AF3FC03186F}.Debug|Any CPU.ActiveCfg = Debug|iPhone
		{5928237D-25F3-4C66-93B5-7AF3FC03186F}.Debug|Any CPU.Build.0 = Debug|iPhone
		{5928237D-25F3-4C66-93B5-7AF3FC03186F}.Debug|iPhone.ActiveCfg = Debug|iPhone
		{5928237D-25F3-4C66-93B5-7AF3FC03186F}.Debug|iPhone.Build.0 = Debug|iPhone
		{5928237D-25F3-4C66-93B5-7AF3FC03186F}.Debug|iPhoneSimulator.ActiveCfg = Debug|iPhoneSimulator
		{5928237D-25F3-4C66-93B5-7AF3FC03186F}.Debug|iPhoneSimulator.Build.0 = Debug|iPhoneSimulator
		{5928237D-25F3-4C66-93B5-7AF3FC03186F}.Release|Any CPU.ActiveCfg = Release|iPhone
		{5928237D-25F3-4C66-93B5-7AF3FC03186F}.Release|Any CPU.Build.0 = Release|iPhone
		{5928237D-25F3-4C66-93B5-7AF3FC03186F}.Release|iPhone.ActiveCfg = Release|iPhone
		{5928237D-25F3-4C66-93B5-7AF3FC03186F}.Release|iPhone.Build.0 = Release|iPhone
		{5928237D-25F3-4C66-93B5-7AF3FC03186F}.Release|iPhoneSimulator.ActiveCfg = Release|iPhoneSimulator
		{5928237D-25F3-4C66-93B5-7AF3FC03186F}.Release|iPhoneSimulator.Build.0 = Release|iPhoneSimulator
		{678D0153-CF4D-4A8C-8119-42EA0E7D7891}.Ad-Hoc|Any CPU.ActiveCfg = Release|Any CPU
		{678D0153-CF4D-4A8C-8119-42EA0E7D7891}.Ad-Hoc|Any CPU.Build.0 = Release|Any CPU
		{678D0153-CF4D-4A8C-8119-42EA0E7D7891}.Ad-Hoc|iPhone.ActiveCfg = Release|Any CPU
		{678D0153-CF4D-4A8C-8119-42EA0E7D7891}.Ad-Hoc|iPhone.Build.0 = Release|Any CPU
		{678D0153-CF4D-4A8C-8119-42EA0E7D7891}.Ad-Hoc|iPhoneSimulator.ActiveCfg = Release|Any CPU
		{678D0153-CF4D-4A8C-8119-42EA0E7D7891}.Ad-Hoc|iPhoneSimulator.Build.0 = Release|Any CPU
		{678D0153-CF4D-4A8C-8119-42EA0E7D7891}.AppStore|Any CPU.ActiveCfg = Release|Any CPU
		{678D0153-CF4D-4A8C-8119-42EA0E7D7891}.AppStore|Any CPU.Build.0 = Release|Any CPU
		{678D0153-CF4D-4A8C-8119-42EA0E7D7891}.AppStore|iPhone.ActiveCfg = Release|Any CPU
		{678D0153-CF4D-4A8C-8119-42EA0E7D7891}.AppStore|iPhone.Build.0 = Release|Any CPU
		{678D0153-CF4D-4A8C-8119-42EA0E7D7891}.AppStore|iPhoneSimulator.ActiveCfg = Release|Any CPU
		{678D0153-CF4D-4A8C-8119-42EA0E7D7891}.AppStore|iPhoneSimulator.Build.0 = Release|Any CPU
		{678D0153-CF4D-4A8C-8119-42EA0E7D7891}.Debug|Any CPU.ActiveCfg = Debug|Any CPU
		{678D0153-CF4D-4A8C-8119-42EA0E7D7891}.Debug|Any CPU.Build.0 = Debug|Any CPU
		{678D0153-CF4D-4A8C-8119-42EA0E7D7891}.Debug|iPhone.ActiveCfg = Debug|Any CPU
		{678D0153-CF4D-4A8C-8119-42EA0E7D7891}.Debug|iPhone.Build.0 = Debug|Any CPU
		{678D0153-CF4D-4A8C-8119-42EA0E7D7891}.Debug|iPhoneSimulator.ActiveCfg = Debug|Any CPU
		{678D0153-CF4D-4A8C-8119-42EA0E7D7891}.Debug|iPhoneSimulator.Build.0 = Debug|Any CPU
		{678D0153-CF4D-4A8C-8119-42EA0E7D7891}.Release|Any CPU.ActiveCfg = Release|Any CPU
		{678D0153-CF4D-4A8C-8119-42EA0E7D7891}.Release|Any CPU.Build.0 = Release|Any CPU
		{678D0153-CF4D-4A8C-8119-42EA0E7D7891}.Release|iPhone.ActiveCfg = Release|Any CPU
		{678D0153-CF4D-4A8C-8119-42EA0E7D7891}.Release|iPhone.Build.0 = Release|Any CPU
		{678D0153-CF4D-4A8C-8119-42EA0E7D7891}.Release|iPhoneSimulator.ActiveCfg = Release|Any CPU
		{678D0153-CF4D-4A8C-8119-42EA0E7D7891}.Release|iPhoneSimulator.Build.0 = Release|Any CPU
		{798E1F06-4BCA-4893-BB99-C25CC4E82F15}.Ad-Hoc|Any CPU.ActiveCfg = Release|Any CPU
		{798E1F06-4BCA-4893-BB99-C25CC4E82F15}.Ad-Hoc|Any CPU.Build.0 = Release|Any CPU
		{798E1F06-4BCA-4893-BB99-C25CC4E82F15}.Ad-Hoc|iPhone.ActiveCfg = Release|Any CPU
		{798E1F06-4BCA-4893-BB99-C25CC4E82F15}.Ad-Hoc|iPhone.Build.0 = Release|Any CPU
		{798E1F06-4BCA-4893-BB99-C25CC4E82F15}.Ad-Hoc|iPhoneSimulator.ActiveCfg = Release|Any CPU
		{798E1F06-4BCA-4893-BB99-C25CC4E82F15}.Ad-Hoc|iPhoneSimulator.Build.0 = Release|Any CPU
		{798E1F06-4BCA-4893-BB99-C25CC4E82F15}.AppStore|Any CPU.ActiveCfg = Release|Any CPU
		{798E1F06-4BCA-4893-BB99-C25CC4E82F15}.AppStore|Any CPU.Build.0 = Release|Any CPU
		{798E1F06-4BCA-4893-BB99-C25CC4E82F15}.AppStore|iPhone.ActiveCfg = Release|Any CPU
		{798E1F06-4BCA-4893-BB99-C25CC4E82F15}.AppStore|iPhone.Build.0 = Release|Any CPU
		{798E1F06-4BCA-4893-BB99-C25CC4E82F15}.AppStore|iPhoneSimulator.ActiveCfg = Release|Any CPU
		{798E1F06-4BCA-4893-BB99-C25CC4E82F15}.AppStore|iPhoneSimulator.Build.0 = Release|Any CPU
		{798E1F06-4BCA-4893-BB99-C25CC4E82F15}.Debug|Any CPU.ActiveCfg = Debug|Any CPU
		{798E1F06-4BCA-4893-BB99-C25CC4E82F15}.Debug|Any CPU.Build.0 = Debug|Any CPU
		{798E1F06-4BCA-4893-BB99-C25CC4E82F15}.Debug|iPhone.ActiveCfg = Debug|Any CPU
		{798E1F06-4BCA-4893-BB99-C25CC4E82F15}.Debug|iPhone.Build.0 = Debug|Any CPU
		{798E1F06-4BCA-4893-BB99-C25CC4E82F15}.Debug|iPhoneSimulator.ActiveCfg = Debug|Any CPU
		{798E1F06-4BCA-4893-BB99-C25CC4E82F15}.Debug|iPhoneSimulator.Build.0 = Debug|Any CPU
		{798E1F06-4BCA-4893-BB99-C25CC4E82F15}.Release|Any CPU.ActiveCfg = Release|Any CPU
		{798E1F06-4BCA-4893-BB99-C25CC4E82F15}.Release|Any CPU.Build.0 = Release|Any CPU
		{798E1F06-4BCA-4893-BB99-C25CC4E82F15}.Release|iPhone.ActiveCfg = Release|Any CPU
		{798E1F06-4BCA-4893-BB99-C25CC4E82F15}.Release|iPhone.Build.0 = Release|Any CPU
		{798E1F06-4BCA-4893-BB99-C25CC4E82F15}.Release|iPhoneSimulator.ActiveCfg = Release|Any CPU
		{798E1F06-4BCA-4893-BB99-C25CC4E82F15}.Release|iPhoneSimulator.Build.0 = Release|Any CPU
		{AF8C4368-DD39-42AB-8A04-AC417242D225}.Ad-Hoc|Any CPU.ActiveCfg = Release|Any CPU
		{AF8C4368-DD39-42AB-8A04-AC417242D225}.Ad-Hoc|Any CPU.Build.0 = Release|Any CPU
		{AF8C4368-DD39-42AB-8A04-AC417242D225}.Ad-Hoc|iPhone.ActiveCfg = Release|Any CPU
		{AF8C4368-DD39-42AB-8A04-AC417242D225}.Ad-Hoc|iPhone.Build.0 = Release|Any CPU
		{AF8C4368-DD39-42AB-8A04-AC417242D225}.Ad-Hoc|iPhoneSimulator.ActiveCfg = Release|Any CPU
		{AF8C4368-DD39-42AB-8A04-AC417242D225}.Ad-Hoc|iPhoneSimulator.Build.0 = Release|Any CPU
		{AF8C4368-DD39-42AB-8A04-AC417242D225}.AppStore|Any CPU.ActiveCfg = Release|Any CPU
		{AF8C4368-DD39-42AB-8A04-AC417242D225}.AppStore|Any CPU.Build.0 = Release|Any CPU
		{AF8C4368-DD39-42AB-8A04-AC417242D225}.AppStore|iPhone.ActiveCfg = Release|Any CPU
		{AF8C4368-DD39-42AB-8A04-AC417242D225}.AppStore|iPhone.Build.0 = Release|Any CPU
		{AF8C4368-DD39-42AB-8A04-AC417242D225}.AppStore|iPhoneSimulator.ActiveCfg = Release|Any CPU
		{AF8C4368-DD39-42AB-8A04-AC417242D225}.AppStore|iPhoneSimulator.Build.0 = Release|Any CPU
		{AF8C4368-DD39-42AB-8A04-AC417242D225}.Debug|Any CPU.ActiveCfg = Debug|Any CPU
		{AF8C4368-DD39-42AB-8A04-AC417242D225}.Debug|Any CPU.Build.0 = Debug|Any CPU
		{AF8C4368-DD39-42AB-8A04-AC417242D225}.Debug|iPhone.ActiveCfg = Debug|Any CPU
		{AF8C4368-DD39-42AB-8A04-AC417242D225}.Debug|iPhone.Build.0 = Debug|Any CPU
		{AF8C4368-DD39-42AB-8A04-AC417242D225}.Debug|iPhoneSimulator.ActiveCfg = Debug|Any CPU
		{AF8C4368-DD39-42AB-8A04-AC417242D225}.Debug|iPhoneSimulator.Build.0 = Debug|Any CPU
		{AF8C4368-DD39-42AB-8A04-AC417242D225}.Release|Any CPU.ActiveCfg = Release|Any CPU
		{AF8C4368-DD39-42AB-8A04-AC417242D225}.Release|Any CPU.Build.0 = Release|Any CPU
		{AF8C4368-DD39-42AB-8A04-AC417242D225}.Release|iPhone.ActiveCfg = Release|Any CPU
		{AF8C4368-DD39-42AB-8A04-AC417242D225}.Release|iPhone.Build.0 = Release|Any CPU
		{AF8C4368-DD39-42AB-8A04-AC417242D225}.Release|iPhoneSimulator.ActiveCfg = Release|Any CPU
		{AF8C4368-DD39-42AB-8A04-AC417242D225}.Release|iPhoneSimulator.Build.0 = Release|Any CPU
		{D5B915E6-A03B-42A5-90E9-7C7B1854BD92}.Ad-Hoc|Any CPU.ActiveCfg = Release|Any CPU
		{D5B915E6-A03B-42A5-90E9-7C7B1854BD92}.Ad-Hoc|Any CPU.Build.0 = Release|Any CPU
		{D5B915E6-A03B-42A5-90E9-7C7B1854BD92}.Ad-Hoc|Any CPU.Deploy.0 = Release|Any CPU
		{D5B915E6-A03B-42A5-90E9-7C7B1854BD92}.Ad-Hoc|iPhone.ActiveCfg = Release|Any CPU
		{D5B915E6-A03B-42A5-90E9-7C7B1854BD92}.Ad-Hoc|iPhone.Build.0 = Release|Any CPU
		{D5B915E6-A03B-42A5-90E9-7C7B1854BD92}.Ad-Hoc|iPhone.Deploy.0 = Release|Any CPU
		{D5B915E6-A03B-42A5-90E9-7C7B1854BD92}.Ad-Hoc|iPhoneSimulator.ActiveCfg = Release|Any CPU
		{D5B915E6-A03B-42A5-90E9-7C7B1854BD92}.Ad-Hoc|iPhoneSimulator.Build.0 = Release|Any CPU
		{D5B915E6-A03B-42A5-90E9-7C7B1854BD92}.Ad-Hoc|iPhoneSimulator.Deploy.0 = Release|Any CPU
		{D5B915E6-A03B-42A5-90E9-7C7B1854BD92}.AppStore|Any CPU.ActiveCfg = Release|Any CPU
		{D5B915E6-A03B-42A5-90E9-7C7B1854BD92}.AppStore|Any CPU.Build.0 = Release|Any CPU
		{D5B915E6-A03B-42A5-90E9-7C7B1854BD92}.AppStore|Any CPU.Deploy.0 = Release|Any CPU
		{D5B915E6-A03B-42A5-90E9-7C7B1854BD92}.AppStore|iPhone.ActiveCfg = Release|Any CPU
		{D5B915E6-A03B-42A5-90E9-7C7B1854BD92}.AppStore|iPhone.Build.0 = Release|Any CPU
		{D5B915E6-A03B-42A5-90E9-7C7B1854BD92}.AppStore|iPhone.Deploy.0 = Release|Any CPU
		{D5B915E6-A03B-42A5-90E9-7C7B1854BD92}.AppStore|iPhoneSimulator.ActiveCfg = Release|Any CPU
		{D5B915E6-A03B-42A5-90E9-7C7B1854BD92}.AppStore|iPhoneSimulator.Build.0 = Release|Any CPU
		{D5B915E6-A03B-42A5-90E9-7C7B1854BD92}.AppStore|iPhoneSimulator.Deploy.0 = Release|Any CPU
		{D5B915E6-A03B-42A5-90E9-7C7B1854BD92}.Debug|Any CPU.ActiveCfg = Debug|Any CPU
		{D5B915E6-A03B-42A5-90E9-7C7B1854BD92}.Debug|Any CPU.Build.0 = Debug|Any CPU
		{D5B915E6-A03B-42A5-90E9-7C7B1854BD92}.Debug|Any CPU.Deploy.0 = Debug|Any CPU
		{D5B915E6-A03B-42A5-90E9-7C7B1854BD92}.Debug|iPhone.ActiveCfg = Debug|Any CPU
		{D5B915E6-A03B-42A5-90E9-7C7B1854BD92}.Debug|iPhone.Build.0 = Debug|Any CPU
		{D5B915E6-A03B-42A5-90E9-7C7B1854BD92}.Debug|iPhone.Deploy.0 = Debug|Any CPU
		{D5B915E6-A03B-42A5-90E9-7C7B1854BD92}.Debug|iPhoneSimulator.ActiveCfg = Debug|Any CPU
		{D5B915E6-A03B-42A5-90E9-7C7B1854BD92}.Debug|iPhoneSimulator.Build.0 = Debug|Any CPU
		{D5B915E6-A03B-42A5-90E9-7C7B1854BD92}.Debug|iPhoneSimulator.Deploy.0 = Debug|Any CPU
		{D5B915E6-A03B-42A5-90E9-7C7B1854BD92}.Release|Any CPU.ActiveCfg = Release|Any CPU
		{D5B915E6-A03B-42A5-90E9-7C7B1854BD92}.Release|Any CPU.Build.0 = Release|Any CPU
		{D5B915E6-A03B-42A5-90E9-7C7B1854BD92}.Release|Any CPU.Deploy.0 = Release|Any CPU
		{D5B915E6-A03B-42A5-90E9-7C7B1854BD92}.Release|iPhone.ActiveCfg = Release|Any CPU
		{D5B915E6-A03B-42A5-90E9-7C7B1854BD92}.Release|iPhone.Build.0 = Release|Any CPU
		{D5B915E6-A03B-42A5-90E9-7C7B1854BD92}.Release|iPhone.Deploy.0 = Release|Any CPU
		{D5B915E6-A03B-42A5-90E9-7C7B1854BD92}.Release|iPhoneSimulator.ActiveCfg = Release|Any CPU
		{D5B915E6-A03B-42A5-90E9-7C7B1854BD92}.Release|iPhoneSimulator.Build.0 = Release|Any CPU
		{D5B915E6-A03B-42A5-90E9-7C7B1854BD92}.Release|iPhoneSimulator.Deploy.0 = Release|Any CPU
		{E5D227FF-2712-48CA-AFCF-408F30A68535}.Ad-Hoc|Any CPU.ActiveCfg = Release|Any CPU
		{E5D227FF-2712-48CA-AFCF-408F30A68535}.Ad-Hoc|Any CPU.Build.0 = Release|Any CPU
		{E5D227FF-2712-48CA-AFCF-408F30A68535}.Ad-Hoc|iPhone.ActiveCfg = Release|Any CPU
		{E5D227FF-2712-48CA-AFCF-408F30A68535}.Ad-Hoc|iPhone.Build.0 = Release|Any CPU
		{E5D227FF-2712-48CA-AFCF-408F30A68535}.Ad-Hoc|iPhoneSimulator.ActiveCfg = Release|Any CPU
		{E5D227FF-2712-48CA-AFCF-408F30A68535}.Ad-Hoc|iPhoneSimulator.Build.0 = Release|Any CPU
		{E5D227FF-2712-48CA-AFCF-408F30A68535}.AppStore|Any CPU.ActiveCfg = Release|Any CPU
		{E5D227FF-2712-48CA-AFCF-408F30A68535}.AppStore|Any CPU.Build.0 = Release|Any CPU
		{E5D227FF-2712-48CA-AFCF-408F30A68535}.AppStore|iPhone.ActiveCfg = Release|Any CPU
		{E5D227FF-2712-48CA-AFCF-408F30A68535}.AppStore|iPhone.Build.0 = Release|Any CPU
		{E5D227FF-2712-48CA-AFCF-408F30A68535}.AppStore|iPhoneSimulator.ActiveCfg = Release|Any CPU
		{E5D227FF-2712-48CA-AFCF-408F30A68535}.AppStore|iPhoneSimulator.Build.0 = Release|Any CPU
		{E5D227FF-2712-48CA-AFCF-408F30A68535}.Debug|Any CPU.ActiveCfg = Debug|Any CPU
		{E5D227FF-2712-48CA-AFCF-408F30A68535}.Debug|Any CPU.Build.0 = Debug|Any CPU
		{E5D227FF-2712-48CA-AFCF-408F30A68535}.Debug|iPhone.ActiveCfg = Debug|Any CPU
		{E5D227FF-2712-48CA-AFCF-408F30A68535}.Debug|iPhone.Build.0 = Debug|Any CPU
		{E5D227FF-2712-48CA-AFCF-408F30A68535}.Debug|iPhoneSimulator.ActiveCfg = Debug|Any CPU
		{E5D227FF-2712-48CA-AFCF-408F30A68535}.Debug|iPhoneSimulator.Build.0 = Debug|Any CPU
		{E5D227FF-2712-48CA-AFCF-408F30A68535}.Release|Any CPU.ActiveCfg = Release|Any CPU
		{E5D227FF-2712-48CA-AFCF-408F30A68535}.Release|Any CPU.Build.0 = Release|Any CPU
		{E5D227FF-2712-48CA-AFCF-408F30A68535}.Release|iPhone.ActiveCfg = Release|Any CPU
		{E5D227FF-2712-48CA-AFCF-408F30A68535}.Release|iPhone.Build.0 = Release|Any CPU
		{E5D227FF-2712-48CA-AFCF-408F30A68535}.Release|iPhoneSimulator.ActiveCfg = Release|Any CPU
		{E5D227FF-2712-48CA-AFCF-408F30A68535}.Release|iPhoneSimulator.Build.0 = Release|Any CPU
	EndGlobalSection
	GlobalSection(NestedProjects) = preSolution
		{AF8C4368-DD39-42AB-8A04-AC417242D225} = {B83C4D02-113F-4AEA-814C-07069A028BA6}
		{6A2990C3-821E-42A7-B9C0-CB8A1C04EE38} = {B83C4D02-113F-4AEA-814C-07069A028BA6}
		{678D0153-CF4D-4A8C-8119-42EA0E7D7891} = {6A2990C3-821E-42A7-B9C0-CB8A1C04EE38}
		{5928237D-25F3-4C66-93B5-7AF3FC03186F} = {6A2990C3-821E-42A7-B9C0-CB8A1C04EE38}
		{D5B915E6-A03B-42A5-90E9-7C7B1854BD92} = {6A2990C3-821E-42A7-B9C0-CB8A1C04EE38}
		{E5D227FF-2712-48CA-AFCF-408F30A68535} = {6A2990C3-821E-42A7-B9C0-CB8A1C04EE38}
		{3D3C33C4-F2CD-49EE-A27F-F08B88325857} = {6A2990C3-821E-42A7-B9C0-CB8A1C04EE38}
		{461063FB-CD97-4582-B755-0BE00F262DD3} = {6A2990C3-821E-42A7-B9C0-CB8A1C04EE38}
		{798E1F06-4BCA-4893-BB99-C25CC4E82F15} = {BAA459F2-1CC7-443F-BAC2-1E4CB2891AE2}
	EndGlobalSection
	GlobalSection(SharedMSBuildProjectFiles) = preSolution
		Xamarin.Forms.Platform.Xna\Xamarin.Forms.Platform.Xna.projitems*{b0144b80-f44d-49b0-933f-804cc9586dc0}*SharedItemsImports = 13
		Xamarin.Forms.Platform.Xna\Xamarin.Forms.Platform.Xna.projitems*{798e1f06-4bca-4893-bb99-c25cc4e82f15}*SharedItemsImports = 4
	EndGlobalSection
	GlobalSection(SolutionProperties) = preSolution
		HideSolutionNode = FALSE
	EndGlobalSection
EndGlobal
