
Microsoft Visual Studio Solution File, Format Version 12.00
# Visual Studio 2013
VisualStudioVersion = 12.0.31101.0
MinimumVisualStudioVersion = 10.0.40219.1
Project("{2150E333-8FDC-42A3-9474-1A3956D46DE8}") = "samples", "samples", "{B83C4D02-113F-4AEA-814C-07069A028BA6}"
EndProject
Project("{FAE04EC0-301F-11D3-BF4B-00C04F79EFBC}") = "Sample", "Sample\Sample.csproj", "{AF8C4368-DD39-42AB-8A04-AC417242D225}"
EndProject
Project("{2150E333-8FDC-42A3-9474-1A3956D46DE8}") = "flavors", "flavors", "{BAA459F2-1CC7-443F-BAC2-1E4CB2891AE2}"
EndProject
Project("{FAE04EC0-301F-11D3-BF4B-00C04F79EFBC}") = "MonoGame.Portable", "flavors\MonoGame.Portable\MonoGame.Portable.csproj", "{798E1F06-4BCA-4893-BB99-C25CC4E82F15}"
EndProject
Project("{D954291E-2A0B-460D-934E-DC6B0785DB48}") = "Xamarin.Forms.Platforms.Xna", "Xamarin.Forms.Platforms.Xna\Xamarin.Forms.Platforms.Xna.shproj", "{B0144B80-F44D-49B0-933F-804CC9586DC0}"
EndProject
Global
	GlobalSection(SharedMSBuildProjectFiles) = preSolution
		Xamarin.Forms.Platforms.Xna\Xamarin.Forms.Platforms.Xna.projitems*{b0144b80-f44d-49b0-933f-804cc9586dc0}*SharedItemsImports = 13
		Xamarin.Forms.Platforms.Xna\Xamarin.Forms.Platforms.Xna.projitems*{798e1f06-4bca-4893-bb99-c25cc4e82f15}*SharedItemsImports = 4
	EndGlobalSection
	GlobalSection(SolutionConfigurationPlatforms) = preSolution
		Debug|Any CPU = Debug|Any CPU
		Release|Any CPU = Release|Any CPU
	EndGlobalSection
	GlobalSection(ProjectConfigurationPlatforms) = postSolution
		{AF8C4368-DD39-42AB-8A04-AC417242D225}.Debug|Any CPU.ActiveCfg = Debug|Any CPU
		{AF8C4368-DD39-42AB-8A04-AC417242D225}.Debug|Any CPU.Build.0 = Debug|Any CPU
		{AF8C4368-DD39-42AB-8A04-AC417242D225}.Release|Any CPU.ActiveCfg = Release|Any CPU
		{AF8C4368-DD39-42AB-8A04-AC417242D225}.Release|Any CPU.Build.0 = Release|Any CPU
		{798E1F06-4BCA-4893-BB99-C25CC4E82F15}.Debug|Any CPU.ActiveCfg = Debug|Any CPU
		{798E1F06-4BCA-4893-BB99-C25CC4E82F15}.Debug|Any CPU.Build.0 = Debug|Any CPU
		{798E1F06-4BCA-4893-BB99-C25CC4E82F15}.Release|Any CPU.ActiveCfg = Release|Any CPU
		{798E1F06-4BCA-4893-BB99-C25CC4E82F15}.Release|Any CPU.Build.0 = Release|Any CPU
	EndGlobalSection
	GlobalSection(SolutionProperties) = preSolution
		HideSolutionNode = FALSE
	EndGlobalSection
	GlobalSection(NestedProjects) = preSolution
		{AF8C4368-DD39-42AB-8A04-AC417242D225} = {B83C4D02-113F-4AEA-814C-07069A028BA6}
		{798E1F06-4BCA-4893-BB99-C25CC4E82F15} = {BAA459F2-1CC7-443F-BAC2-1E4CB2891AE2}
	EndGlobalSection
EndGlobal
